<?xml version="1.0" encoding="utf-8"?>
<Project ToolsVersion="4.0" xmlns="http://schemas.microsoft.com/developer/msbuild/2003">
  <ItemGroup>
    <Filter Include="소스 파일">
      <UniqueIdentifier>{4FC737F1-C7A5-4376-A066-2A32D752A2FF}</UniqueIdentifier>
      <Extensions>cpp;c;cc;cxx;def;odl;idl;hpj;bat;asm;asmx</Extensions>
    </Filter>
    <Filter Include="헤더 파일">
      <UniqueIdentifier>{93995380-89BD-4b04-88EB-625FBE52EBFB}</UniqueIdentifier>
      <Extensions>h;hh;hpp;hxx;hm;inl;inc;xsd</Extensions>
    </Filter>
    <Filter Include="리소스 파일">
      <UniqueIdentifier>{67DA6AB6-F800-4c08-8B7A-83BB121AAD01}</UniqueIdentifier>
      <Extensions>rc;ico;cur;bmp;dlg;rc2;rct;bin;rgs;gif;jpg;jpeg;jpe;resx;tiff;tif;png;wav;mfcribbon-ms</Extensions>
    </Filter>
    <Filter Include="헤더 파일\Common">
      <UniqueIdentifier>{09c1dea6-f802-4dc0-aa0a-32cc49b574ce}</UniqueIdentifier>
    </Filter>
    <Filter Include="헤더 파일\Client">
      <UniqueIdentifier>{ba8b12dd-24bd-428c-b176-61646246f615}</UniqueIdentifier>
    </Filter>
    <Filter Include="헤더 파일\Server">
      <UniqueIdentifier>{9c14c503-5e35-4c9a-baee-9700128bccb5}</UniqueIdentifier>
    </Filter>
    <Filter Include="헤더 파일\Message">
      <UniqueIdentifier>{d05a07b0-9383-4fbc-a997-320f698cf555}</UniqueIdentifier>
    </Filter>
    <Filter Include="헤더 파일\Utils">
      <UniqueIdentifier>{b6bc636c-3c8b-41dd-9b69-bce825634465}</UniqueIdentifier>
    </Filter>
    <Filter Include="헤더 파일\MFC">
      <UniqueIdentifier>{2987c64d-0e7e-41bf-b1c1-6b0126a5e435}</UniqueIdentifier>
    </Filter>
    <Filter Include="헤더 파일\MFC\Client">
      <UniqueIdentifier>{2c0d1649-58be-4f79-aaa6-94871a6ba6ef}</UniqueIdentifier>
    </Filter>
    <Filter Include="헤더 파일\MFC\Server">
      <UniqueIdentifier>{cf50a186-7bde-4b40-af02-dab118c6e5e2}</UniqueIdentifier>
    </Filter>
    <Filter Include="소스 파일\MFC">
      <UniqueIdentifier>{e38860d2-2a67-40cd-8d49-866995d4eec8}</UniqueIdentifier>
    </Filter>
    <Filter Include="소스 파일\MFC\Client">
      <UniqueIdentifier>{d7e7e680-914a-4f50-a979-b3ef03b7ab76}</UniqueIdentifier>
    </Filter>
    <Filter Include="소스 파일\MFC\Server">
      <UniqueIdentifier>{8c725294-9cd3-48bb-a25a-1e575ba2866c}</UniqueIdentifier>
    </Filter>
    <Filter Include="소스 파일\Server">
      <UniqueIdentifier>{a1579f37-62ac-4c32-aee0-c77f7b3a6513}</UniqueIdentifier>
    </Filter>
    <Filter Include="소스 파일\Message">
      <UniqueIdentifier>{dc84a80b-d6a4-4b5d-b020-a569ea460a51}</UniqueIdentifier>
    </Filter>
    <Filter Include="소스 파일\Client">
      <UniqueIdentifier>{a82e9ab1-6a9a-4d92-a4ef-be52266f4d61}</UniqueIdentifier>
    </Filter>
    <Filter Include="소스 파일\Client\Network">
      <UniqueIdentifier>{7ea0cb94-ea31-4fc5-b105-05ce7230b41f}</UniqueIdentifier>
    </Filter>
    <Filter Include="소스 파일\Server\Network">
      <UniqueIdentifier>{93c0c7db-4702-4f93-81df-d352f163496d}</UniqueIdentifier>
    </Filter>
    <Filter Include="헤더 파일\Client\Network">
      <UniqueIdentifier>{84597a15-8a50-4954-bd2a-00bc7f61347e}</UniqueIdentifier>
    </Filter>
    <Filter Include="헤더 파일\Server\Network">
      <UniqueIdentifier>{9ffa2e31-5056-4a1c-a92b-9d34bb3db5d2}</UniqueIdentifier>
    </Filter>
    <Filter Include="소스 파일\Utils">
      <UniqueIdentifier>{c9ef35e5-bda0-4b99-89ec-112d21c4886d}</UniqueIdentifier>
    </Filter>
  </ItemGroup>
  <ItemGroup>
    <ClInclude Include="Message\Message.h">
      <Filter>헤더 파일\Message</Filter>
    </ClInclude>
    <ClInclude Include="Client\RemoteFileExplorer.h">
      <Filter>헤더 파일\Client</Filter>
    </ClInclude>
    <ClInclude Include="Common\FileExplorerInterface.h">
      <Filter>헤더 파일\Common</Filter>
    </ClInclude>
    <ClInclude Include="Utils\Utils.h">
      <Filter>헤더 파일\Utils</Filter>
    </ClInclude>
    <ClInclude Include="MFC\Client\CClientDialog.h">
      <Filter>헤더 파일\MFC\Client</Filter>
    </ClInclude>
    <ClInclude Include="MFC\Server\CServerDialog.h">
      <Filter>헤더 파일\MFC\Server</Filter>
    </ClInclude>
    <ClInclude Include="MFC\CMainFrame.h">
      <Filter>헤더 파일\MFC</Filter>
    </ClInclude>
    <ClInclude Include="MFC\CMainView.h">
      <Filter>헤더 파일\MFC</Filter>
    </ClInclude>
    <ClInclude Include="MFC\CRemoteFileExplorerApp.h">
      <Filter>헤더 파일\MFC</Filter>
    </ClInclude>
    <ClInclude Include="MFC\resource.h">
      <Filter>헤더 파일\MFC</Filter>
    </ClInclude>
    <ClInclude Include="MFC\stdafx.h">
      <Filter>헤더 파일\MFC</Filter>
    </ClInclude>
    <ClInclude Include="MFC\targetver.h">
      <Filter>헤더 파일\MFC</Filter>
    </ClInclude>
    <ClInclude Include="Server\FileExplorerWatcherInterface.h">
      <Filter>헤더 파일\Server</Filter>
    </ClInclude>
    <ClInclude Include="MFC\Server\FileExplorerWatcher.h">
      <Filter>헤더 파일\MFC\Server</Filter>
    </ClInclude>
    <ClInclude Include="Server\FileExplorerServiceInterface.h">
      <Filter>헤더 파일\Server</Filter>
    </ClInclude>
    <ClInclude Include="Server\FileExplorerService.h">
      <Filter>헤더 파일\Server</Filter>
    </ClInclude>
    <ClInclude Include="Client\Network\ServerConnector.h">
      <Filter>헤더 파일\Client\Network</Filter>
    </ClInclude>
    <ClInclude Include="Server\Network\ClientHandlerThread.h">
      <Filter>헤더 파일\Server\Network</Filter>
    </ClInclude>
    <ClInclude Include="Server\Network\ClientSession.h">
      <Filter>헤더 파일\Server\Network</Filter>
    </ClInclude>
    <ClInclude Include="Server\Network\ListenerThread.h">
      <Filter>헤더 파일\Server\Network</Filter>
    </ClInclude>
    <ClInclude Include="Message\GetLogicalDriveInfoMessage.h">
      <Filter>헤더 파일\Message</Filter>
    </ClInclude>
    <ClInclude Include="Common\FileSystem.h">
      <Filter>헤더 파일\Common</Filter>
    </ClInclude>
    <ClInclude Include="Message\GetDirectoryInfoMessage.h">
      <Filter>헤더 파일\Message</Filter>
    </ClInclude>
    <ClInclude Include="Message\Serialization.h">
      <Filter>헤더 파일\Message</Filter>
    </ClInclude>
    <ClInclude Include="Server\Network\IOContext.h">
      <Filter>헤더 파일\Server\Network</Filter>
    </ClInclude>
    <ClInclude Include="Common\CommonType.h">
      <Filter>헤더 파일\Common</Filter>
    </ClInclude>
    <ClInclude Include="Server\Network\ClientMessageHandler.h">
      <Filter>헤더 파일\Server\Network</Filter>
    </ClInclude>
    <ClInclude Include="Server\Server.h">
      <Filter>헤더 파일\Server</Filter>
    </ClInclude>
  </ItemGroup>
  <ItemGroup>
    <ClCompile Include="Message\Message.cpp">
      <Filter>소스 파일\Message</Filter>
    </ClCompile>
    <ClCompile Include="Client\RemoteFileExplorer.cpp">
      <Filter>소스 파일\Client</Filter>
    </ClCompile>
    <ClCompile Include="MFC\Client\CClientDialog.cpp">
      <Filter>소스 파일\MFC\Client</Filter>
    </ClCompile>
    <ClCompile Include="MFC\Server\CServerDialog.cpp">
      <Filter>소스 파일\MFC\Server</Filter>
    </ClCompile>
    <ClCompile Include="MFC\CMainFrame.cpp">
      <Filter>소스 파일\MFC</Filter>
    </ClCompile>
    <ClCompile Include="MFC\CMainView.cpp">
      <Filter>소스 파일\MFC</Filter>
    </ClCompile>
    <ClCompile Include="MFC\CRemoteFileExplorerApp.cpp">
      <Filter>소스 파일\MFC</Filter>
    </ClCompile>
    <ClCompile Include="MFC\stdafx.cpp">
      <Filter>소스 파일\MFC</Filter>
    </ClCompile>
    <ClCompile Include="MFC\Server\FileExplorerWatcher.cpp">
      <Filter>소스 파일\MFC\Server</Filter>
    </ClCompile>
    <ClCompile Include="Server\FileExplorerService.cpp">
      <Filter>소스 파일\Server</Filter>
    </ClCompile>
    <ClCompile Include="Client\Network\ServerConnector.cpp">
      <Filter>소스 파일\Client\Network</Filter>
    </ClCompile>
    <ClCompile Include="Server\Network\ListenerThread.cpp">
      <Filter>소스 파일\Server\Network</Filter>
    </ClCompile>
    <ClCompile Include="Server\Network\ClientHandlerThread.cpp">
      <Filter>소스 파일\Server\Network</Filter>
    </ClCompile>
    <ClCompile Include="Message\GetLogicalDriveInfoMessage.cpp">
      <Filter>소스 파일\Message</Filter>
    </ClCompile>
    <ClCompile Include="Message\GetDirectoryInfoMessage.cpp">
      <Filter>소스 파일\Message</Filter>
    </ClCompile>
    <ClCompile Include="Message\Serialization.cpp">
      <Filter>소스 파일\Message</Filter>
    </ClCompile>
    <ClCompile Include="Utils\Utils.cpp">
      <Filter>소스 파일\Utils</Filter>
    </ClCompile>
    <ClCompile Include="Server\Network\IOContext.cpp">
      <Filter>소스 파일\Server\Network</Filter>
    </ClCompile>
    <ClCompile Include="Server\Network\ClientMessageHandler.cpp">
      <Filter>소스 파일\Server\Network</Filter>
    </ClCompile>
    <ClCompile Include="Server\Server.cpp">
      <Filter>소스 파일\Server</Filter>
    </ClCompile>
  </ItemGroup>
  <ItemGroup>
    <None Include="res\RemoteFileExplorer.rc2">
      <Filter>리소스 파일</Filter>
    </None>
  </ItemGroup>
  <ItemGroup>
    <Image Include="MFC\res\RemoteFileExplorer.ico">
      <Filter>리소스 파일</Filter>
    </Image>
  </ItemGroup>
  <ItemGroup>
    <ResourceCompile Include="MFC\RemoteFileExplorer.rc">
      <Filter>리소스 파일</Filter>
    </ResourceCompile>
  </ItemGroup>
</Project>